
Microsoft Visual Studio Solution File, Format Version 12.00
# Visual Studio Version 17
VisualStudioVersion = 17.2.32602.215
MinimumVisualStudioVersion = 10.0.40219.1
Project("{9A19103F-16F7-4668-BE54-9A1E7A4F7556}") = "Contacts", "Contacts\Contacts.csproj", "{538AED8D-EDCD-49BE-800F-57249AFA9A47}"
EndProject
Project("{9A19103F-16F7-4668-BE54-9A1E7A4F7556}") = "ContactsTests", "ContactsTests\ContactsTests.csproj", "{8836933B-C274-46B3-8BD9-FC47637B7774}"
EndProject
Project("{E53339B2-1760-4266-BCC7-CA923CBCF16C}") = "docker-compose", "docker-compose.dcproj", "{F670235F-A5AD-4A2D-B4C8-17F8D4D1622D}"
EndProject
Global
	GlobalSection(SolutionConfigurationPlatforms) = preSolution
		Debug|Any CPU = Debug|Any CPU
		Release|Any CPU = Release|Any CPU
	EndGlobalSection
	GlobalSection(ProjectConfigurationPlatforms) = postSolution
		{538AED8D-EDCD-49BE-800F-57249AFA9A47}.Debug|Any CPU.ActiveCfg = Debug|Any CPU
		{538AED8D-EDCD-49BE-800F-57249AFA9A47}.Debug|Any CPU.Build.0 = Debug|Any CPU
		{538AED8D-EDCD-49BE-800F-57249AFA9A47}.Release|Any CPU.ActiveCfg = Release|Any CPU
		{538AED8D-EDCD-49BE-800F-57249AFA9A47}.Release|Any CPU.Build.0 = Release|Any CPU
		{8836933B-C274-46B3-8BD9-FC47637B7774}.Debug|Any CPU.ActiveCfg = Debug|Any CPU
		{8836933B-C274-46B3-8BD9-FC47637B7774}.Debug|Any CPU.Build.0 = Debug|Any CPU
		{8836933B-C274-46B3-8BD9-FC47637B7774}.Release|Any CPU.ActiveCfg = Release|Any CPU
		{8836933B-C274-46B3-8BD9-FC47637B7774}.Release|Any CPU.Build.0 = Release|Any CPU
		{F670235F-A5AD-4A2D-B4C8-17F8D4D1622D}.Debug|Any CPU.ActiveCfg = Debug|Any CPU
		{F670235F-A5AD-4A2D-B4C8-17F8D4D1622D}.Debug|Any CPU.Build.0 = Debug|Any CPU
		{F670235F-A5AD-4A2D-B4C8-17F8D4D1622D}.Release|Any CPU.ActiveCfg = Release|Any CPU
		{F670235F-A5AD-4A2D-B4C8-17F8D4D1622D}.Release|Any CPU.Build.0 = Release|Any CPU
	EndGlobalSection
	GlobalSection(SolutionProperties) = preSolution
		HideSolutionNode = FALSE
	EndGlobalSection
	GlobalSection(ExtensibilityGlobals) = postSolution
		SolutionGuid = {00B3E19E-1DC4-4134-9942-2608693CEE05}
	EndGlobalSection
EndGlobal
